
Microsoft Visual Studio Solution File, Format Version 12.00
# Visual Studio Version 16
VisualStudioVersion = 16.0.30503.244
MinimumVisualStudioVersion = 10.0.40219.1
Project("{FAE04EC0-301F-11D3-BF4B-00C04F79EFBC}") = "UR_CB2_SoftGripper_RobotRaconteurDriver", "UR_CB2_SoftGripper_RobotRaconteurDriver.csproj", "{FBCDABCB-2E11-444C-BB2E-CD8677BD4321}"
EndProject
Global
	GlobalSection(SolutionConfigurationPlatforms) = preSolution
		Debug|Any CPU = Debug|Any CPU
		Release|Any CPU = Release|Any CPU
	EndGlobalSection
	GlobalSection(ProjectConfigurationPlatforms) = postSolution
		{FBCDABCB-2E11-444C-BB2E-CD8677BD4321}.Debug|Any CPU.ActiveCfg = Debug|Any CPU
		{FBCDABCB-2E11-444C-BB2E-CD8677BD4321}.Debug|Any CPU.Build.0 = Debug|Any CPU
		{FBCDABCB-2E11-444C-BB2E-CD8677BD4321}.Release|Any CPU.ActiveCfg = Release|Any CPU
		{FBCDABCB-2E11-444C-BB2E-CD8677BD4321}.Release|Any CPU.Build.0 = Release|Any CPU
	EndGlobalSection
	GlobalSection(SolutionProperties) = preSolution
		HideSolutionNode = FALSE
	EndGlobalSection
	GlobalSection(ExtensibilityGlobals) = postSolution
		SolutionGuid = {0CC021B2-CC9F-4CA0-B443-29D31224CDF2}
	EndGlobalSection
EndGlobal
